
Microsoft Visual Studio Solution File, Format Version 12.00
# Visual Studio 15
VisualStudioVersion = 15.0.28307.757
MinimumVisualStudioVersion = 10.0.40219.1
Project("{FAE04EC0-301F-11D3-BF4B-00C04F79EFBC}") = "AzureFileStorage", "AzureFileStorage\AzureFileStorage.csproj", "{1C8E1E0A-F398-4164-BD38-C181CD986B65}"
EndProject
Global
	GlobalSection(SolutionConfigurationPlatforms) = preSolution
		Debug|Any CPU = Debug|Any CPU
		Release|Any CPU = Release|Any CPU
	EndGlobalSection
	GlobalSection(ProjectConfigurationPlatforms) = postSolution
		{1C8E1E0A-F398-4164-BD38-C181CD986B65}.Debug|Any CPU.ActiveCfg = Debug|Any CPU
		{1C8E1E0A-F398-4164-BD38-C181CD986B65}.Debug|Any CPU.Build.0 = Debug|Any CPU
		{1C8E1E0A-F398-4164-BD38-C181CD986B65}.Release|Any CPU.ActiveCfg = Release|Any CPU
		{1C8E1E0A-F398-4164-BD38-C181CD986B65}.Release|Any CPU.Build.0 = Release|Any CPU
	EndGlobalSection
	GlobalSection(SolutionProperties) = preSolution
		HideSolutionNode = FALSE
	EndGlobalSection
	GlobalSection(ExtensibilityGlobals) = postSolution
		SolutionGuid = {B4D8EA4D-D1E3-4AC5-866F-7046B884C23D}
	EndGlobalSection
EndGlobal
